
Microsoft Visual Studio Solution File, Format Version 12.00
# Visual Studio Version 16
VisualStudioVersion = 16.0.32413.511
MinimumVisualStudioVersion = 10.0.40219.1
Project("{FAE04EC0-301F-11D3-BF4B-00C04F79EFBC}") = "mvcassignment", "mvcassignment\mvcassignment.csproj", "{5AE7F0CE-EE76-4996-90A4-DD907DE665C7}"
EndProject
Global
	GlobalSection(SolutionConfigurationPlatforms) = preSolution
		Debug|Any CPU = Debug|Any CPU
		Release|Any CPU = Release|Any CPU
	EndGlobalSection
	GlobalSection(ProjectConfigurationPlatforms) = postSolution
		{5AE7F0CE-EE76-4996-90A4-DD907DE665C7}.Debug|Any CPU.ActiveCfg = Debug|Any CPU
		{5AE7F0CE-EE76-4996-90A4-DD907DE665C7}.Debug|Any CPU.Build.0 = Debug|Any CPU
		{5AE7F0CE-EE76-4996-90A4-DD907DE665C7}.Release|Any CPU.ActiveCfg = Release|Any CPU
		{5AE7F0CE-EE76-4996-90A4-DD907DE665C7}.Release|Any CPU.Build.0 = Release|Any CPU
	EndGlobalSection
	GlobalSection(SolutionProperties) = preSolution
		HideSolutionNode = FALSE
	EndGlobalSection
	GlobalSection(ExtensibilityGlobals) = postSolution
		SolutionGuid = {CFC12DC2-5AFE-4914-A8E7-7674406943BF}
	EndGlobalSection
EndGlobal
